<?xml version="1.0" encoding="UTF-8"?>
<Scheme
   LastUpgradeVersion = "0640"
   version = "2.0">
   <BuildAction
      parallelizeBuildables = "YES"
      buildImplicitDependencies = "YES">
      <BuildActionEntries>
         <BuildActionEntry
            buildForTesting = "YES"
            buildForRunning = "YES"
            buildForProfiling = "YES"
            buildForArchiving = "YES"
            buildForAnalyzing = "YES">
            <BuildableReference
               BuildableIdentifier = "primary"
               BlueprintIdentifier = "613E6CBC1BADE1A30029CDA1"
               BuildableName = "Food Compass WatchKit App.app"
               BlueprintName = "Food Compass WatchKit App"
               ReferencedContainer = "container:Food Compass.xcodeproj">
            </BuildableReference>
         </BuildActionEntry>
         <BuildActionEntry
            buildForTesting = "YES"
            buildForRunning = "YES"
            buildForProfiling = "YES"
            buildForArchiving = "YES"
            buildForAnalyzing = "YES">
            <BuildableReference
               BuildableIdentifier = "primary"
               BlueprintIdentifier = "613E6CAA1BADE1A30029CDA1"
               BuildableName = "Food Compass WatchKit Extension.appex"
               BlueprintName = "Food Compass WatchKit Extension"
               ReferencedContainer = "container:Food Compass.xcodeproj">
            </BuildableReference>
         </BuildActionEntry>
         <BuildActionEntry
            buildForTesting = "YES"
            buildForRunning = "YES"
            buildForProfiling = "YES"
            buildForArchiving = "YES"
            buildForAnalyzing = "YES">
            <BuildableReference
               BuildableIdentifier = "primary"
               BlueprintIdentifier = "619706DF1BA3A1AF00612962"
               BuildableName = "Food Compass.app"
               BlueprintName = "Food Compass"
               ReferencedContainer = "container:Food Compass.xcodeproj">
            </BuildableReference>
         </BuildActionEntry>
      </BuildActionEntries>
   </BuildAction>
   <TestAction
      selectedDebuggerIdentifier = "Xcode.DebuggerFoundation.Debugger.LLDB"
      selectedLauncherIdentifier = "Xcode.DebuggerFoundation.Launcher.LLDB"
      shouldUseLaunchSchemeArgsEnv = "YES"
      buildConfiguration = "Debug">
      <Testables>
      </Testables>
      <MacroExpansion>
         <BuildableReference
            BuildableIdentifier = "primary"
            BlueprintIdentifier = "613E6CBC1BADE1A30029CDA1"
            BuildableName = "Food Compass WatchKit App.app"
            BlueprintName = "Food Compass WatchKit App"
            ReferencedContainer = "container:Food Compass.xcodeproj">
         </BuildableReference>
      </MacroExpansion>
   </TestAction>
   <LaunchAction
      selectedDebuggerIdentifier = "Xcode.DebuggerFoundation.Debugger.LLDB"
      selectedLauncherIdentifier = "Xcode.DebuggerFoundation.Launcher.LLDB"
      launchStyle = "0"
      useCustomWorkingDirectory = "NO"
      buildConfiguration = "Debug"
      ignoresPersistentStateOnLaunch = "NO"
      debugDocumentVersioning = "YES"
      allowLocationSimulation = "YES"
      launchAutomaticallySubstyle = "8"
      notificationPayloadFile = "Food Compass WatchKit Extension/PushNotificationPayload.apns">
      <RemoteRunnable
         runnableDebuggingMode = "2"
         BundleIdentifier = "com.apple.springboard"
         RemotePath = "/Food Compass">
         <BuildableReference
            BuildableIdentifier = "primary"
            BlueprintIdentifier = "613E6CBC1BADE1A30029CDA1"
            BuildableName = "Food Compass WatchKit App.app"
            BlueprintName = "Food Compass WatchKit App"
            ReferencedContainer = "container:Food Compass.xcodeproj">
         </BuildableReference>
      </RemoteRunnable>
      <MacroExpansion>
         <BuildableReference
            BuildableIdentifier = "primary"
            BlueprintIdentifier = "613E6CBC1BADE1A30029CDA1"
            BuildableName = "Food Compass WatchKit App.app"
            BlueprintName = "Food Compass WatchKit App"
            ReferencedContainer = "container:Food Compass.xcodeproj">
         </BuildableReference>
      </MacroExpansion>
      <AdditionalOptions>
      </AdditionalOptions>
   </LaunchAction>
   <ProfileAction
      shouldUseLaunchSchemeArgsEnv = "YES"
      savedToolIdentifier = ""
      useCustomWorkingDirectory = "NO"
      buildConfiguration = "Release"
      debugDocumentVersioning = "YES"
      launchAutomaticallySubstyle = "8"
      notificationPayloadFile = "Food Compass WatchKit Extension/PushNotificationPayload.apns">
      <RemoteRunnable
         runnableDebuggingMode = "2"
         BundleIdentifier = "com.apple.springboard"
         RemotePath = "/Food Compass">
         <BuildableReference
            BuildableIdentifier = "primary"
            BlueprintIdentifier = "613E6CBC1BADE1A30029CDA1"
            BuildableName = "Food Compass WatchKit App.app"
            BlueprintName = "Food Compass WatchKit App"
            ReferencedContainer = "container:Food Compass.xcodeproj">
         </BuildableReference>
      </RemoteRunnable>
      <MacroExpansion>
         <BuildableReference
            BuildableIdentifier = "primary"
            BlueprintIdentifier = "613E6CBC1BADE1A30029CDA1"
            BuildableName = "Food Compass WatchKit App.app"
            BlueprintName = "Food Compass WatchKit App"
            ReferencedContainer = "container:Food Compass.xcodeproj">
         </BuildableReference>
      </MacroExpansion>
   </ProfileAction>
   <AnalyzeAction
      buildConfiguration = "Debug">
   </AnalyzeAction>
   <ArchiveAction
      buildConfiguration = "Release"
      revealArchiveInOrganizer = "YES">
   </ArchiveAction>
</Scheme>
